
Microsoft Visual Studio Solution File, Format Version 11.00
# Visual C# Express 2010
Project("{FAE04EC0-301F-11D3-BF4B-00C04F79EFBC}") = "CSharpCLI", "CSharpCLI\CSharpCLI.csproj", "{CF0906D5-4394-4F37-BF32-1D54FB49C14B}"
EndProject
Project("{FAE04EC0-301F-11D3-BF4B-00C04F79EFBC}") = "CSharpCLI.Tests", "CSharpCLI.Test\CSharpCLI.Tests.csproj", "{75AA62C6-E46A-415C-9EEA-00BCB9A5492E}"
EndProject
Global
	GlobalSection(SolutionConfigurationPlatforms) = preSolution
		Debug|Any CPU = Debug|Any CPU
		Release|Any CPU = Release|Any CPU
	EndGlobalSection
	GlobalSection(ProjectConfigurationPlatforms) = postSolution
		{CF0906D5-4394-4F37-BF32-1D54FB49C14B}.Debug|Any CPU.ActiveCfg = Debug|Any CPU
		{CF0906D5-4394-4F37-BF32-1D54FB49C14B}.Debug|Any CPU.Build.0 = Debug|Any CPU
		{CF0906D5-4394-4F37-BF32-1D54FB49C14B}.Release|Any CPU.ActiveCfg = Release|Any CPU
		{CF0906D5-4394-4F37-BF32-1D54FB49C14B}.Release|Any CPU.Build.0 = Release|Any CPU
		{75AA62C6-E46A-415C-9EEA-00BCB9A5492E}.Debug|Any CPU.ActiveCfg = Debug|Any CPU
		{75AA62C6-E46A-415C-9EEA-00BCB9A5492E}.Debug|Any CPU.Build.0 = Debug|Any CPU
		{75AA62C6-E46A-415C-9EEA-00BCB9A5492E}.Release|Any CPU.ActiveCfg = Release|Any CPU
		{75AA62C6-E46A-415C-9EEA-00BCB9A5492E}.Release|Any CPU.Build.0 = Release|Any CPU
	EndGlobalSection
	GlobalSection(SolutionProperties) = preSolution
		HideSolutionNode = FALSE
	EndGlobalSection
EndGlobal
